
Microsoft Visual Studio Solution File, Format Version 12.00
# Visual Studio 15
VisualStudioVersion = 15.0.28307.438
MinimumVisualStudioVersion = 10.0.40219.1
Project("{FAE04EC0-301F-11D3-BF4B-00C04F79EFBC}") = "0264", "0264\0264.csproj", "{3F8D1D7B-1EE6-4C85-AF15-22EF1CB2F5D5}"
EndProject
Project("{FAE04EC0-301F-11D3-BF4B-00C04F79EFBC}") = "CompProgLib", "..\..\..\CompProgLib\CompProgLib.csproj", "{5CCE2BE3-F7AD-44EE-9E69-68B246AF990D}"
EndProject
Global
	GlobalSection(SolutionConfigurationPlatforms) = preSolution
		Debug|Any CPU = Debug|Any CPU
		Release|Any CPU = Release|Any CPU
	EndGlobalSection
	GlobalSection(ProjectConfigurationPlatforms) = postSolution
		{3F8D1D7B-1EE6-4C85-AF15-22EF1CB2F5D5}.Debug|Any CPU.ActiveCfg = Debug|Any CPU
		{3F8D1D7B-1EE6-4C85-AF15-22EF1CB2F5D5}.Debug|Any CPU.Build.0 = Debug|Any CPU
		{3F8D1D7B-1EE6-4C85-AF15-22EF1CB2F5D5}.Release|Any CPU.ActiveCfg = Release|Any CPU
		{3F8D1D7B-1EE6-4C85-AF15-22EF1CB2F5D5}.Release|Any CPU.Build.0 = Release|Any CPU
		{5CCE2BE3-F7AD-44EE-9E69-68B246AF990D}.Debug|Any CPU.ActiveCfg = Debug|Any CPU
		{5CCE2BE3-F7AD-44EE-9E69-68B246AF990D}.Debug|Any CPU.Build.0 = Debug|Any CPU
		{5CCE2BE3-F7AD-44EE-9E69-68B246AF990D}.Release|Any CPU.ActiveCfg = Release|Any CPU
		{5CCE2BE3-F7AD-44EE-9E69-68B246AF990D}.Release|Any CPU.Build.0 = Release|Any CPU
	EndGlobalSection
	GlobalSection(SolutionProperties) = preSolution
		HideSolutionNode = FALSE
	EndGlobalSection
	GlobalSection(ExtensibilityGlobals) = postSolution
		SolutionGuid = {EBE70F3D-1BB7-4EC5-A9DC-4C2FA4777C37}
	EndGlobalSection
EndGlobal
