
Microsoft Visual Studio Solution File, Format Version 12.00
# Visual Studio 15
VisualStudioVersion = 15.0.28307.438
MinimumVisualStudioVersion = 10.0.40219.1
Project("{FAE04EC0-301F-11D3-BF4B-00C04F79EFBC}") = "0232", "0232\0232.csproj", "{5D2E07E2-803A-4469-A162-28A86440D843}"
EndProject
Global
	GlobalSection(SolutionConfigurationPlatforms) = preSolution
		Debug|Any CPU = Debug|Any CPU
		Release|Any CPU = Release|Any CPU
	EndGlobalSection
	GlobalSection(ProjectConfigurationPlatforms) = postSolution
		{5D2E07E2-803A-4469-A162-28A86440D843}.Debug|Any CPU.ActiveCfg = Debug|Any CPU
		{5D2E07E2-803A-4469-A162-28A86440D843}.Debug|Any CPU.Build.0 = Debug|Any CPU
		{5D2E07E2-803A-4469-A162-28A86440D843}.Release|Any CPU.ActiveCfg = Release|Any CPU
		{5D2E07E2-803A-4469-A162-28A86440D843}.Release|Any CPU.Build.0 = Release|Any CPU
	EndGlobalSection
	GlobalSection(SolutionProperties) = preSolution
		HideSolutionNode = FALSE
	EndGlobalSection
	GlobalSection(ExtensibilityGlobals) = postSolution
		SolutionGuid = {7A062F1A-E078-498F-919A-247CECF5A7C1}
	EndGlobalSection
EndGlobal
