
Microsoft Visual Studio Solution File, Format Version 12.00
# Visual Studio 14
VisualStudioVersion = 14.0.25420.1
MinimumVisualStudioVersion = 10.0.40219.1
Project("{FAE04EC0-301F-11D3-BF4B-00C04F79EFBC}") = "A", "A\A.csproj", "{4D4D4CB2-5731-47E1-966E-78AAB2ABC040}"
EndProject
Project("{FAE04EC0-301F-11D3-BF4B-00C04F79EFBC}") = "B", "B\B.csproj", "{A56CD53B-121B-4EFE-9D0B-3815A9BE727C}"
EndProject
Project("{FAE04EC0-301F-11D3-BF4B-00C04F79EFBC}") = "CompProgLib", "..\..\CompProgLib\CompProgLib.csproj", "{5CCE2BE3-F7AD-44EE-9E69-68B246AF990D}"
EndProject
Project("{FAE04EC0-301F-11D3-BF4B-00C04F79EFBC}") = "C", "C\C.csproj", "{4724ED8C-F9F1-4C9A-8DD8-1822B53787BA}"
EndProject
Project("{FAE04EC0-301F-11D3-BF4B-00C04F79EFBC}") = "D", "D\D.csproj", "{2DF2C10B-850E-44C0-9BA7-1729F4F15C0C}"
EndProject
Global
	GlobalSection(SolutionConfigurationPlatforms) = preSolution
		Debug|Any CPU = Debug|Any CPU
		Release|Any CPU = Release|Any CPU
	EndGlobalSection
	GlobalSection(ProjectConfigurationPlatforms) = postSolution
		{4D4D4CB2-5731-47E1-966E-78AAB2ABC040}.Debug|Any CPU.ActiveCfg = Debug|Any CPU
		{4D4D4CB2-5731-47E1-966E-78AAB2ABC040}.Debug|Any CPU.Build.0 = Debug|Any CPU
		{4D4D4CB2-5731-47E1-966E-78AAB2ABC040}.Release|Any CPU.ActiveCfg = Release|Any CPU
		{4D4D4CB2-5731-47E1-966E-78AAB2ABC040}.Release|Any CPU.Build.0 = Release|Any CPU
		{A56CD53B-121B-4EFE-9D0B-3815A9BE727C}.Debug|Any CPU.ActiveCfg = Debug|Any CPU
		{A56CD53B-121B-4EFE-9D0B-3815A9BE727C}.Debug|Any CPU.Build.0 = Debug|Any CPU
		{A56CD53B-121B-4EFE-9D0B-3815A9BE727C}.Release|Any CPU.ActiveCfg = Release|Any CPU
		{A56CD53B-121B-4EFE-9D0B-3815A9BE727C}.Release|Any CPU.Build.0 = Release|Any CPU
		{5CCE2BE3-F7AD-44EE-9E69-68B246AF990D}.Debug|Any CPU.ActiveCfg = Debug|Any CPU
		{5CCE2BE3-F7AD-44EE-9E69-68B246AF990D}.Debug|Any CPU.Build.0 = Debug|Any CPU
		{5CCE2BE3-F7AD-44EE-9E69-68B246AF990D}.Release|Any CPU.ActiveCfg = Release|Any CPU
		{5CCE2BE3-F7AD-44EE-9E69-68B246AF990D}.Release|Any CPU.Build.0 = Release|Any CPU
		{4724ED8C-F9F1-4C9A-8DD8-1822B53787BA}.Debug|Any CPU.ActiveCfg = Debug|Any CPU
		{4724ED8C-F9F1-4C9A-8DD8-1822B53787BA}.Debug|Any CPU.Build.0 = Debug|Any CPU
		{4724ED8C-F9F1-4C9A-8DD8-1822B53787BA}.Release|Any CPU.ActiveCfg = Release|Any CPU
		{4724ED8C-F9F1-4C9A-8DD8-1822B53787BA}.Release|Any CPU.Build.0 = Release|Any CPU
		{2DF2C10B-850E-44C0-9BA7-1729F4F15C0C}.Debug|Any CPU.ActiveCfg = Debug|Any CPU
		{2DF2C10B-850E-44C0-9BA7-1729F4F15C0C}.Debug|Any CPU.Build.0 = Debug|Any CPU
		{2DF2C10B-850E-44C0-9BA7-1729F4F15C0C}.Release|Any CPU.ActiveCfg = Release|Any CPU
		{2DF2C10B-850E-44C0-9BA7-1729F4F15C0C}.Release|Any CPU.Build.0 = Release|Any CPU
	EndGlobalSection
	GlobalSection(SolutionProperties) = preSolution
		HideSolutionNode = FALSE
	EndGlobalSection
EndGlobal
