
Microsoft Visual Studio Solution File, Format Version 12.00
# Visual Studio 14
VisualStudioVersion = 14.0.25420.1
MinimumVisualStudioVersion = 10.0.40219.1
Project("{FAE04EC0-301F-11D3-BF4B-00C04F79EFBC}") = "A", "A\A.csproj", "{457F6033-48C4-4AAA-831A-5642CAE0411F}"
EndProject
Project("{FAE04EC0-301F-11D3-BF4B-00C04F79EFBC}") = "B", "B\B.csproj", "{2E8AC88C-7678-41CE-A50E-8AD3AF8A608F}"
EndProject
Project("{FAE04EC0-301F-11D3-BF4B-00C04F79EFBC}") = "C", "C\C.csproj", "{DCA7AAA0-AB8B-4C25-B3C7-0D0E2FA423D1}"
EndProject
Project("{FAE04EC0-301F-11D3-BF4B-00C04F79EFBC}") = "D", "D\D.csproj", "{6CA22089-091A-4D26-9519-C5EE233D152A}"
EndProject
Project("{FAE04EC0-301F-11D3-BF4B-00C04F79EFBC}") = "CompProgLib", "..\..\CompProgLib\CompProgLib.csproj", "{5CCE2BE3-F7AD-44EE-9E69-68B246AF990D}"
EndProject
Global
	GlobalSection(SolutionConfigurationPlatforms) = preSolution
		Debug|Any CPU = Debug|Any CPU
		Release|Any CPU = Release|Any CPU
	EndGlobalSection
	GlobalSection(ProjectConfigurationPlatforms) = postSolution
		{457F6033-48C4-4AAA-831A-5642CAE0411F}.Debug|Any CPU.ActiveCfg = Debug|Any CPU
		{457F6033-48C4-4AAA-831A-5642CAE0411F}.Debug|Any CPU.Build.0 = Debug|Any CPU
		{457F6033-48C4-4AAA-831A-5642CAE0411F}.Release|Any CPU.ActiveCfg = Release|Any CPU
		{457F6033-48C4-4AAA-831A-5642CAE0411F}.Release|Any CPU.Build.0 = Release|Any CPU
		{2E8AC88C-7678-41CE-A50E-8AD3AF8A608F}.Debug|Any CPU.ActiveCfg = Debug|Any CPU
		{2E8AC88C-7678-41CE-A50E-8AD3AF8A608F}.Debug|Any CPU.Build.0 = Debug|Any CPU
		{2E8AC88C-7678-41CE-A50E-8AD3AF8A608F}.Release|Any CPU.ActiveCfg = Release|Any CPU
		{2E8AC88C-7678-41CE-A50E-8AD3AF8A608F}.Release|Any CPU.Build.0 = Release|Any CPU
		{DCA7AAA0-AB8B-4C25-B3C7-0D0E2FA423D1}.Debug|Any CPU.ActiveCfg = Debug|Any CPU
		{DCA7AAA0-AB8B-4C25-B3C7-0D0E2FA423D1}.Debug|Any CPU.Build.0 = Debug|Any CPU
		{DCA7AAA0-AB8B-4C25-B3C7-0D0E2FA423D1}.Release|Any CPU.ActiveCfg = Release|Any CPU
		{DCA7AAA0-AB8B-4C25-B3C7-0D0E2FA423D1}.Release|Any CPU.Build.0 = Release|Any CPU
		{6CA22089-091A-4D26-9519-C5EE233D152A}.Debug|Any CPU.ActiveCfg = Debug|Any CPU
		{6CA22089-091A-4D26-9519-C5EE233D152A}.Debug|Any CPU.Build.0 = Debug|Any CPU
		{6CA22089-091A-4D26-9519-C5EE233D152A}.Release|Any CPU.ActiveCfg = Release|Any CPU
		{6CA22089-091A-4D26-9519-C5EE233D152A}.Release|Any CPU.Build.0 = Release|Any CPU
		{5CCE2BE3-F7AD-44EE-9E69-68B246AF990D}.Debug|Any CPU.ActiveCfg = Debug|Any CPU
		{5CCE2BE3-F7AD-44EE-9E69-68B246AF990D}.Debug|Any CPU.Build.0 = Debug|Any CPU
		{5CCE2BE3-F7AD-44EE-9E69-68B246AF990D}.Release|Any CPU.ActiveCfg = Release|Any CPU
		{5CCE2BE3-F7AD-44EE-9E69-68B246AF990D}.Release|Any CPU.Build.0 = Release|Any CPU
	EndGlobalSection
	GlobalSection(SolutionProperties) = preSolution
		HideSolutionNode = FALSE
	EndGlobalSection
EndGlobal
