
Microsoft Visual Studio Solution File, Format Version 12.00
# Visual Studio 14
VisualStudioVersion = 14.0.25420.1
MinimumVisualStudioVersion = 10.0.40219.1
Project("{FAE04EC0-301F-11D3-BF4B-00C04F79EFBC}") = "0053", "0053\0053.csproj", "{C56C26EA-BB6D-4A02-9045-FF44C293AAEC}"
EndProject
Project("{FAE04EC0-301F-11D3-BF4B-00C04F79EFBC}") = "CompProgLib", "..\..\CompProgLib\CompProgLib.csproj", "{5CCE2BE3-F7AD-44EE-9E69-68B246AF990D}"
EndProject
Global
	GlobalSection(SolutionConfigurationPlatforms) = preSolution
		Debug|Any CPU = Debug|Any CPU
		Release|Any CPU = Release|Any CPU
	EndGlobalSection
	GlobalSection(ProjectConfigurationPlatforms) = postSolution
		{C56C26EA-BB6D-4A02-9045-FF44C293AAEC}.Debug|Any CPU.ActiveCfg = Debug|Any CPU
		{C56C26EA-BB6D-4A02-9045-FF44C293AAEC}.Debug|Any CPU.Build.0 = Debug|Any CPU
		{C56C26EA-BB6D-4A02-9045-FF44C293AAEC}.Release|Any CPU.ActiveCfg = Release|Any CPU
		{C56C26EA-BB6D-4A02-9045-FF44C293AAEC}.Release|Any CPU.Build.0 = Release|Any CPU
		{5CCE2BE3-F7AD-44EE-9E69-68B246AF990D}.Debug|Any CPU.ActiveCfg = Debug|Any CPU
		{5CCE2BE3-F7AD-44EE-9E69-68B246AF990D}.Debug|Any CPU.Build.0 = Debug|Any CPU
		{5CCE2BE3-F7AD-44EE-9E69-68B246AF990D}.Release|Any CPU.ActiveCfg = Release|Any CPU
		{5CCE2BE3-F7AD-44EE-9E69-68B246AF990D}.Release|Any CPU.Build.0 = Release|Any CPU
	EndGlobalSection
	GlobalSection(SolutionProperties) = preSolution
		HideSolutionNode = FALSE
	EndGlobalSection
EndGlobal
