
Microsoft Visual Studio Solution File, Format Version 12.00
# Visual Studio 14
VisualStudioVersion = 14.0.25420.1
MinimumVisualStudioVersion = 10.0.40219.1
Project("{FAE04EC0-301F-11D3-BF4B-00C04F79EFBC}") = "A", "A\A.csproj", "{32DC68EB-F9D3-4D44-8831-6FE8FFDB59F5}"
EndProject
Project("{FAE04EC0-301F-11D3-BF4B-00C04F79EFBC}") = "CompProgLib", "..\..\CompProgLib\CompProgLib.csproj", "{5CCE2BE3-F7AD-44EE-9E69-68B246AF990D}"
EndProject
Project("{FAE04EC0-301F-11D3-BF4B-00C04F79EFBC}") = "B", "B\B.csproj", "{B6CF28F9-FA7F-4171-BDD0-A3823B5733C0}"
EndProject
Project("{FAE04EC0-301F-11D3-BF4B-00C04F79EFBC}") = "C", "C\C.csproj", "{37268F74-2D05-482A-B38B-CC593FE59189}"
EndProject
Project("{FAE04EC0-301F-11D3-BF4B-00C04F79EFBC}") = "D", "D\D.csproj", "{B36B6681-E7CA-4620-95DE-1BC9829D54A0}"
EndProject
Global
	GlobalSection(SolutionConfigurationPlatforms) = preSolution
		Debug|Any CPU = Debug|Any CPU
		Release|Any CPU = Release|Any CPU
	EndGlobalSection
	GlobalSection(ProjectConfigurationPlatforms) = postSolution
		{32DC68EB-F9D3-4D44-8831-6FE8FFDB59F5}.Debug|Any CPU.ActiveCfg = Debug|Any CPU
		{32DC68EB-F9D3-4D44-8831-6FE8FFDB59F5}.Debug|Any CPU.Build.0 = Debug|Any CPU
		{32DC68EB-F9D3-4D44-8831-6FE8FFDB59F5}.Release|Any CPU.ActiveCfg = Release|Any CPU
		{32DC68EB-F9D3-4D44-8831-6FE8FFDB59F5}.Release|Any CPU.Build.0 = Release|Any CPU
		{5CCE2BE3-F7AD-44EE-9E69-68B246AF990D}.Debug|Any CPU.ActiveCfg = Debug|Any CPU
		{5CCE2BE3-F7AD-44EE-9E69-68B246AF990D}.Debug|Any CPU.Build.0 = Debug|Any CPU
		{5CCE2BE3-F7AD-44EE-9E69-68B246AF990D}.Release|Any CPU.ActiveCfg = Release|Any CPU
		{5CCE2BE3-F7AD-44EE-9E69-68B246AF990D}.Release|Any CPU.Build.0 = Release|Any CPU
		{B6CF28F9-FA7F-4171-BDD0-A3823B5733C0}.Debug|Any CPU.ActiveCfg = Debug|Any CPU
		{B6CF28F9-FA7F-4171-BDD0-A3823B5733C0}.Debug|Any CPU.Build.0 = Debug|Any CPU
		{B6CF28F9-FA7F-4171-BDD0-A3823B5733C0}.Release|Any CPU.ActiveCfg = Release|Any CPU
		{B6CF28F9-FA7F-4171-BDD0-A3823B5733C0}.Release|Any CPU.Build.0 = Release|Any CPU
		{37268F74-2D05-482A-B38B-CC593FE59189}.Debug|Any CPU.ActiveCfg = Debug|Any CPU
		{37268F74-2D05-482A-B38B-CC593FE59189}.Debug|Any CPU.Build.0 = Debug|Any CPU
		{37268F74-2D05-482A-B38B-CC593FE59189}.Release|Any CPU.ActiveCfg = Release|Any CPU
		{37268F74-2D05-482A-B38B-CC593FE59189}.Release|Any CPU.Build.0 = Release|Any CPU
		{B36B6681-E7CA-4620-95DE-1BC9829D54A0}.Debug|Any CPU.ActiveCfg = Debug|Any CPU
		{B36B6681-E7CA-4620-95DE-1BC9829D54A0}.Debug|Any CPU.Build.0 = Debug|Any CPU
		{B36B6681-E7CA-4620-95DE-1BC9829D54A0}.Release|Any CPU.ActiveCfg = Release|Any CPU
		{B36B6681-E7CA-4620-95DE-1BC9829D54A0}.Release|Any CPU.Build.0 = Release|Any CPU
	EndGlobalSection
	GlobalSection(SolutionProperties) = preSolution
		HideSolutionNode = FALSE
	EndGlobalSection
EndGlobal
