
Microsoft Visual Studio Solution File, Format Version 12.00
# Visual Studio 15
VisualStudioVersion = 15.0.28307.438
MinimumVisualStudioVersion = 10.0.40219.1
Project("{FAE04EC0-301F-11D3-BF4B-00C04F79EFBC}") = "0210", "0210\0210.csproj", "{42FC0AF0-06E6-4950-9DA8-CCB62EAFFC97}"
EndProject
Global
	GlobalSection(SolutionConfigurationPlatforms) = preSolution
		Debug|Any CPU = Debug|Any CPU
		Release|Any CPU = Release|Any CPU
	EndGlobalSection
	GlobalSection(ProjectConfigurationPlatforms) = postSolution
		{42FC0AF0-06E6-4950-9DA8-CCB62EAFFC97}.Debug|Any CPU.ActiveCfg = Debug|Any CPU
		{42FC0AF0-06E6-4950-9DA8-CCB62EAFFC97}.Debug|Any CPU.Build.0 = Debug|Any CPU
		{42FC0AF0-06E6-4950-9DA8-CCB62EAFFC97}.Release|Any CPU.ActiveCfg = Release|Any CPU
		{42FC0AF0-06E6-4950-9DA8-CCB62EAFFC97}.Release|Any CPU.Build.0 = Release|Any CPU
	EndGlobalSection
	GlobalSection(SolutionProperties) = preSolution
		HideSolutionNode = FALSE
	EndGlobalSection
	GlobalSection(ExtensibilityGlobals) = postSolution
		SolutionGuid = {10EA8BA0-1B72-401D-A60C-7E0BE1810E30}
	EndGlobalSection
EndGlobal
