
Microsoft Visual Studio Solution File, Format Version 12.00
# Visual Studio 15
VisualStudioVersion = 15.0.28307.438
MinimumVisualStudioVersion = 10.0.40219.1
Project("{FAE04EC0-301F-11D3-BF4B-00C04F79EFBC}") = "A", "A\A.csproj", "{C801FBD3-44B9-41A3-9D65-79140B2F0CBD}"
EndProject
Project("{FAE04EC0-301F-11D3-BF4B-00C04F79EFBC}") = "B", "B\B.csproj", "{649FFEC3-E89D-45F2-97E1-34C69AADC0D4}"
EndProject
Project("{FAE04EC0-301F-11D3-BF4B-00C04F79EFBC}") = "CompProgLib", "..\..\CompProgLib\CompProgLib.csproj", "{5CCE2BE3-F7AD-44EE-9E69-68B246AF990D}"
EndProject
Project("{FAE04EC0-301F-11D3-BF4B-00C04F79EFBC}") = "C", "C\C.csproj", "{C48B5A8C-EC01-4B9F-A796-D09E3FBD65A3}"
EndProject
Project("{FAE04EC0-301F-11D3-BF4B-00C04F79EFBC}") = "D", "D\D.csproj", "{A97C5B6F-47AC-4E16-9B4A-0F1903505862}"
EndProject
Global
	GlobalSection(SolutionConfigurationPlatforms) = preSolution
		Debug|Any CPU = Debug|Any CPU
		Release|Any CPU = Release|Any CPU
	EndGlobalSection
	GlobalSection(ProjectConfigurationPlatforms) = postSolution
		{C801FBD3-44B9-41A3-9D65-79140B2F0CBD}.Debug|Any CPU.ActiveCfg = Debug|Any CPU
		{C801FBD3-44B9-41A3-9D65-79140B2F0CBD}.Debug|Any CPU.Build.0 = Debug|Any CPU
		{C801FBD3-44B9-41A3-9D65-79140B2F0CBD}.Release|Any CPU.ActiveCfg = Release|Any CPU
		{C801FBD3-44B9-41A3-9D65-79140B2F0CBD}.Release|Any CPU.Build.0 = Release|Any CPU
		{649FFEC3-E89D-45F2-97E1-34C69AADC0D4}.Debug|Any CPU.ActiveCfg = Debug|Any CPU
		{649FFEC3-E89D-45F2-97E1-34C69AADC0D4}.Debug|Any CPU.Build.0 = Debug|Any CPU
		{649FFEC3-E89D-45F2-97E1-34C69AADC0D4}.Release|Any CPU.ActiveCfg = Release|Any CPU
		{649FFEC3-E89D-45F2-97E1-34C69AADC0D4}.Release|Any CPU.Build.0 = Release|Any CPU
		{5CCE2BE3-F7AD-44EE-9E69-68B246AF990D}.Debug|Any CPU.ActiveCfg = Debug|Any CPU
		{5CCE2BE3-F7AD-44EE-9E69-68B246AF990D}.Debug|Any CPU.Build.0 = Debug|Any CPU
		{5CCE2BE3-F7AD-44EE-9E69-68B246AF990D}.Release|Any CPU.ActiveCfg = Release|Any CPU
		{5CCE2BE3-F7AD-44EE-9E69-68B246AF990D}.Release|Any CPU.Build.0 = Release|Any CPU
		{C48B5A8C-EC01-4B9F-A796-D09E3FBD65A3}.Debug|Any CPU.ActiveCfg = Debug|Any CPU
		{C48B5A8C-EC01-4B9F-A796-D09E3FBD65A3}.Debug|Any CPU.Build.0 = Debug|Any CPU
		{C48B5A8C-EC01-4B9F-A796-D09E3FBD65A3}.Release|Any CPU.ActiveCfg = Release|Any CPU
		{C48B5A8C-EC01-4B9F-A796-D09E3FBD65A3}.Release|Any CPU.Build.0 = Release|Any CPU
		{A97C5B6F-47AC-4E16-9B4A-0F1903505862}.Debug|Any CPU.ActiveCfg = Debug|Any CPU
		{A97C5B6F-47AC-4E16-9B4A-0F1903505862}.Debug|Any CPU.Build.0 = Debug|Any CPU
		{A97C5B6F-47AC-4E16-9B4A-0F1903505862}.Release|Any CPU.ActiveCfg = Release|Any CPU
		{A97C5B6F-47AC-4E16-9B4A-0F1903505862}.Release|Any CPU.Build.0 = Release|Any CPU
	EndGlobalSection
	GlobalSection(SolutionProperties) = preSolution
		HideSolutionNode = FALSE
	EndGlobalSection
	GlobalSection(ExtensibilityGlobals) = postSolution
		SolutionGuid = {7AC1E35D-6AB1-4F06-918C-904025BCFA19}
	EndGlobalSection
EndGlobal
