
Microsoft Visual Studio Solution File, Format Version 12.00
# Visual Studio 15
VisualStudioVersion = 15.0.28307.438
MinimumVisualStudioVersion = 10.0.40219.1
Project("{FAE04EC0-301F-11D3-BF4B-00C04F79EFBC}") = "0216", "0216\0216.csproj", "{DA98A1E1-7561-49EB-B0BB-4993D21D6D16}"
EndProject
Global
	GlobalSection(SolutionConfigurationPlatforms) = preSolution
		Debug|Any CPU = Debug|Any CPU
		Release|Any CPU = Release|Any CPU
	EndGlobalSection
	GlobalSection(ProjectConfigurationPlatforms) = postSolution
		{DA98A1E1-7561-49EB-B0BB-4993D21D6D16}.Debug|Any CPU.ActiveCfg = Debug|Any CPU
		{DA98A1E1-7561-49EB-B0BB-4993D21D6D16}.Debug|Any CPU.Build.0 = Debug|Any CPU
		{DA98A1E1-7561-49EB-B0BB-4993D21D6D16}.Release|Any CPU.ActiveCfg = Release|Any CPU
		{DA98A1E1-7561-49EB-B0BB-4993D21D6D16}.Release|Any CPU.Build.0 = Release|Any CPU
	EndGlobalSection
	GlobalSection(SolutionProperties) = preSolution
		HideSolutionNode = FALSE
	EndGlobalSection
	GlobalSection(ExtensibilityGlobals) = postSolution
		SolutionGuid = {A7AFBAA2-E607-4C1C-8128-3659D0764E64}
	EndGlobalSection
EndGlobal
