
Microsoft Visual Studio Solution File, Format Version 12.00
# Visual Studio 15
VisualStudioVersion = 15.0.28307.438
MinimumVisualStudioVersion = 10.0.40219.1
Project("{FAE04EC0-301F-11D3-BF4B-00C04F79EFBC}") = "0295", "0295\0295.csproj", "{A29A5EC6-C354-4CF7-85B5-699A7E39C4FA}"
EndProject
Global
	GlobalSection(SolutionConfigurationPlatforms) = preSolution
		Debug|Any CPU = Debug|Any CPU
		Release|Any CPU = Release|Any CPU
	EndGlobalSection
	GlobalSection(ProjectConfigurationPlatforms) = postSolution
		{A29A5EC6-C354-4CF7-85B5-699A7E39C4FA}.Debug|Any CPU.ActiveCfg = Debug|Any CPU
		{A29A5EC6-C354-4CF7-85B5-699A7E39C4FA}.Debug|Any CPU.Build.0 = Debug|Any CPU
		{A29A5EC6-C354-4CF7-85B5-699A7E39C4FA}.Release|Any CPU.ActiveCfg = Release|Any CPU
		{A29A5EC6-C354-4CF7-85B5-699A7E39C4FA}.Release|Any CPU.Build.0 = Release|Any CPU
	EndGlobalSection
	GlobalSection(SolutionProperties) = preSolution
		HideSolutionNode = FALSE
	EndGlobalSection
	GlobalSection(ExtensibilityGlobals) = postSolution
		SolutionGuid = {77F61468-01D5-41BE-8924-6D1609F83BD1}
	EndGlobalSection
EndGlobal
