
Microsoft Visual Studio Solution File, Format Version 12.00
# Visual Studio 15
VisualStudioVersion = 15.0.28307.438
MinimumVisualStudioVersion = 10.0.40219.1
Project("{FAE04EC0-301F-11D3-BF4B-00C04F79EFBC}") = "0215", "0215\0215.csproj", "{C1DFCC82-5040-4D6A-B537-9A66F8D0CB9B}"
EndProject
Project("{FAE04EC0-301F-11D3-BF4B-00C04F79EFBC}") = "CompProgLib", "..\..\..\CompProgLib\CompProgLib.csproj", "{5CCE2BE3-F7AD-44EE-9E69-68B246AF990D}"
EndProject
Global
	GlobalSection(SolutionConfigurationPlatforms) = preSolution
		Debug|Any CPU = Debug|Any CPU
		Release|Any CPU = Release|Any CPU
	EndGlobalSection
	GlobalSection(ProjectConfigurationPlatforms) = postSolution
		{C1DFCC82-5040-4D6A-B537-9A66F8D0CB9B}.Debug|Any CPU.ActiveCfg = Debug|Any CPU
		{C1DFCC82-5040-4D6A-B537-9A66F8D0CB9B}.Debug|Any CPU.Build.0 = Debug|Any CPU
		{C1DFCC82-5040-4D6A-B537-9A66F8D0CB9B}.Release|Any CPU.ActiveCfg = Release|Any CPU
		{C1DFCC82-5040-4D6A-B537-9A66F8D0CB9B}.Release|Any CPU.Build.0 = Release|Any CPU
		{5CCE2BE3-F7AD-44EE-9E69-68B246AF990D}.Debug|Any CPU.ActiveCfg = Debug|Any CPU
		{5CCE2BE3-F7AD-44EE-9E69-68B246AF990D}.Debug|Any CPU.Build.0 = Debug|Any CPU
		{5CCE2BE3-F7AD-44EE-9E69-68B246AF990D}.Release|Any CPU.ActiveCfg = Release|Any CPU
		{5CCE2BE3-F7AD-44EE-9E69-68B246AF990D}.Release|Any CPU.Build.0 = Release|Any CPU
	EndGlobalSection
	GlobalSection(SolutionProperties) = preSolution
		HideSolutionNode = FALSE
	EndGlobalSection
	GlobalSection(ExtensibilityGlobals) = postSolution
		SolutionGuid = {CE02BD92-B25E-4A39-ACEE-C566BEA46CB7}
	EndGlobalSection
EndGlobal
