
Microsoft Visual Studio Solution File, Format Version 12.00
# Visual Studio 14
VisualStudioVersion = 14.0.25420.1
MinimumVisualStudioVersion = 10.0.40219.1
Project("{FAE04EC0-301F-11D3-BF4B-00C04F79EFBC}") = "ALDS1_7_A", "ALDS1_7_A\ALDS1_7_A.csproj", "{6E3ED58A-CA2C-445E-9793-2B61E19ADCF1}"
EndProject
Project("{FAE04EC0-301F-11D3-BF4B-00C04F79EFBC}") = "ALDS1_7_B", "ALDS1_7_B\ALDS1_7_B.csproj", "{053C9A73-BD32-40C6-A169-452A7E048FDA}"
EndProject
Project("{FAE04EC0-301F-11D3-BF4B-00C04F79EFBC}") = "ALDS1_7_C", "ALDS1_7_C\ALDS1_7_C.csproj", "{1B1013D6-595D-46C9-80AB-17810CD2334D}"
EndProject
Project("{FAE04EC0-301F-11D3-BF4B-00C04F79EFBC}") = "ALDS1_7_D", "ALDS1_7_D\ALDS1_7_D.csproj", "{78EA39BD-3303-4EC0-B2E3-B29A2434988E}"
EndProject
Project("{FAE04EC0-301F-11D3-BF4B-00C04F79EFBC}") = "CompProgLib", "..\..\CompProgLib\CompProgLib.csproj", "{5CCE2BE3-F7AD-44EE-9E69-68B246AF990D}"
EndProject
Global
	GlobalSection(SolutionConfigurationPlatforms) = preSolution
		Debug|Any CPU = Debug|Any CPU
		Release|Any CPU = Release|Any CPU
	EndGlobalSection
	GlobalSection(ProjectConfigurationPlatforms) = postSolution
		{6E3ED58A-CA2C-445E-9793-2B61E19ADCF1}.Debug|Any CPU.ActiveCfg = Debug|Any CPU
		{6E3ED58A-CA2C-445E-9793-2B61E19ADCF1}.Debug|Any CPU.Build.0 = Debug|Any CPU
		{6E3ED58A-CA2C-445E-9793-2B61E19ADCF1}.Release|Any CPU.ActiveCfg = Release|Any CPU
		{6E3ED58A-CA2C-445E-9793-2B61E19ADCF1}.Release|Any CPU.Build.0 = Release|Any CPU
		{053C9A73-BD32-40C6-A169-452A7E048FDA}.Debug|Any CPU.ActiveCfg = Debug|Any CPU
		{053C9A73-BD32-40C6-A169-452A7E048FDA}.Debug|Any CPU.Build.0 = Debug|Any CPU
		{053C9A73-BD32-40C6-A169-452A7E048FDA}.Release|Any CPU.ActiveCfg = Release|Any CPU
		{053C9A73-BD32-40C6-A169-452A7E048FDA}.Release|Any CPU.Build.0 = Release|Any CPU
		{1B1013D6-595D-46C9-80AB-17810CD2334D}.Debug|Any CPU.ActiveCfg = Debug|Any CPU
		{1B1013D6-595D-46C9-80AB-17810CD2334D}.Debug|Any CPU.Build.0 = Debug|Any CPU
		{1B1013D6-595D-46C9-80AB-17810CD2334D}.Release|Any CPU.ActiveCfg = Release|Any CPU
		{1B1013D6-595D-46C9-80AB-17810CD2334D}.Release|Any CPU.Build.0 = Release|Any CPU
		{78EA39BD-3303-4EC0-B2E3-B29A2434988E}.Debug|Any CPU.ActiveCfg = Debug|Any CPU
		{78EA39BD-3303-4EC0-B2E3-B29A2434988E}.Debug|Any CPU.Build.0 = Debug|Any CPU
		{78EA39BD-3303-4EC0-B2E3-B29A2434988E}.Release|Any CPU.ActiveCfg = Release|Any CPU
		{78EA39BD-3303-4EC0-B2E3-B29A2434988E}.Release|Any CPU.Build.0 = Release|Any CPU
		{5CCE2BE3-F7AD-44EE-9E69-68B246AF990D}.Debug|Any CPU.ActiveCfg = Debug|Any CPU
		{5CCE2BE3-F7AD-44EE-9E69-68B246AF990D}.Debug|Any CPU.Build.0 = Debug|Any CPU
		{5CCE2BE3-F7AD-44EE-9E69-68B246AF990D}.Release|Any CPU.ActiveCfg = Release|Any CPU
		{5CCE2BE3-F7AD-44EE-9E69-68B246AF990D}.Release|Any CPU.Build.0 = Release|Any CPU
	EndGlobalSection
	GlobalSection(SolutionProperties) = preSolution
		HideSolutionNode = FALSE
	EndGlobalSection
EndGlobal
