
Microsoft Visual Studio Solution File, Format Version 12.00
# Visual Studio 15
VisualStudioVersion = 15.0.28307.438
MinimumVisualStudioVersion = 10.0.40219.1
Project("{FAE04EC0-301F-11D3-BF4B-00C04F79EFBC}") = "CompProgLib", "..\..\CompProgLib\CompProgLib.csproj", "{5CCE2BE3-F7AD-44EE-9E69-68B246AF990D}"
EndProject
Project("{FAE04EC0-301F-11D3-BF4B-00C04F79EFBC}") = "A", "A\A.csproj", "{4660CC80-831C-4D6B-94B3-A85014ECB594}"
EndProject
Project("{FAE04EC0-301F-11D3-BF4B-00C04F79EFBC}") = "B", "B\B.csproj", "{3887930C-89E6-4177-9BA1-3D2C2A4D4354}"
EndProject
Project("{FAE04EC0-301F-11D3-BF4B-00C04F79EFBC}") = "C", "C\C.csproj", "{BF181405-DEE7-47BA-ABA1-5B14DFC6AE98}"
EndProject
Project("{FAE04EC0-301F-11D3-BF4B-00C04F79EFBC}") = "D", "D\D.csproj", "{5B019129-E9F5-46A1-BD93-B7760EFF8AFA}"
EndProject
Global
	GlobalSection(SolutionConfigurationPlatforms) = preSolution
		Debug|Any CPU = Debug|Any CPU
		Release|Any CPU = Release|Any CPU
	EndGlobalSection
	GlobalSection(ProjectConfigurationPlatforms) = postSolution
		{5CCE2BE3-F7AD-44EE-9E69-68B246AF990D}.Debug|Any CPU.ActiveCfg = Debug|Any CPU
		{5CCE2BE3-F7AD-44EE-9E69-68B246AF990D}.Debug|Any CPU.Build.0 = Debug|Any CPU
		{5CCE2BE3-F7AD-44EE-9E69-68B246AF990D}.Release|Any CPU.ActiveCfg = Release|Any CPU
		{5CCE2BE3-F7AD-44EE-9E69-68B246AF990D}.Release|Any CPU.Build.0 = Release|Any CPU
		{4660CC80-831C-4D6B-94B3-A85014ECB594}.Debug|Any CPU.ActiveCfg = Debug|Any CPU
		{4660CC80-831C-4D6B-94B3-A85014ECB594}.Debug|Any CPU.Build.0 = Debug|Any CPU
		{4660CC80-831C-4D6B-94B3-A85014ECB594}.Release|Any CPU.ActiveCfg = Release|Any CPU
		{4660CC80-831C-4D6B-94B3-A85014ECB594}.Release|Any CPU.Build.0 = Release|Any CPU
		{3887930C-89E6-4177-9BA1-3D2C2A4D4354}.Debug|Any CPU.ActiveCfg = Debug|Any CPU
		{3887930C-89E6-4177-9BA1-3D2C2A4D4354}.Debug|Any CPU.Build.0 = Debug|Any CPU
		{3887930C-89E6-4177-9BA1-3D2C2A4D4354}.Release|Any CPU.ActiveCfg = Release|Any CPU
		{3887930C-89E6-4177-9BA1-3D2C2A4D4354}.Release|Any CPU.Build.0 = Release|Any CPU
		{BF181405-DEE7-47BA-ABA1-5B14DFC6AE98}.Debug|Any CPU.ActiveCfg = Debug|Any CPU
		{BF181405-DEE7-47BA-ABA1-5B14DFC6AE98}.Debug|Any CPU.Build.0 = Debug|Any CPU
		{BF181405-DEE7-47BA-ABA1-5B14DFC6AE98}.Release|Any CPU.ActiveCfg = Release|Any CPU
		{BF181405-DEE7-47BA-ABA1-5B14DFC6AE98}.Release|Any CPU.Build.0 = Release|Any CPU
		{5B019129-E9F5-46A1-BD93-B7760EFF8AFA}.Debug|Any CPU.ActiveCfg = Debug|Any CPU
		{5B019129-E9F5-46A1-BD93-B7760EFF8AFA}.Debug|Any CPU.Build.0 = Debug|Any CPU
		{5B019129-E9F5-46A1-BD93-B7760EFF8AFA}.Release|Any CPU.ActiveCfg = Release|Any CPU
		{5B019129-E9F5-46A1-BD93-B7760EFF8AFA}.Release|Any CPU.Build.0 = Release|Any CPU
	EndGlobalSection
	GlobalSection(SolutionProperties) = preSolution
		HideSolutionNode = FALSE
	EndGlobalSection
	GlobalSection(ExtensibilityGlobals) = postSolution
		SolutionGuid = {5D888483-7ED4-4C7A-AED0-808193A7C465}
	EndGlobalSection
EndGlobal
