
Microsoft Visual Studio Solution File, Format Version 12.00
# Visual Studio 14
VisualStudioVersion = 14.0.25420.1
MinimumVisualStudioVersion = 10.0.40219.1
Project("{FAE04EC0-301F-11D3-BF4B-00C04F79EFBC}") = "ITP2_1_A", "ITP2_1_A\ITP2_1_A.csproj", "{A70668D2-505D-417B-B9FA-2E4CB501D7A3}"
EndProject
Project("{FAE04EC0-301F-11D3-BF4B-00C04F79EFBC}") = "ITP2_1_B", "ITP2_1_B\ITP2_1_B.csproj", "{0CFD8F09-4EBB-4DD7-A029-57DF3ADB638E}"
EndProject
Project("{FAE04EC0-301F-11D3-BF4B-00C04F79EFBC}") = "ITP2_1_C", "ITP2_1_C\ITP2_1_C.csproj", "{754966B0-7EDC-4267-833B-AE0E8FF30013}"
EndProject
Project("{FAE04EC0-301F-11D3-BF4B-00C04F79EFBC}") = "ITP2_1_D", "ITP2_1_D\ITP2_1_D.csproj", "{08FF9061-481B-4617-8E68-597FCE34725C}"
EndProject
Global
	GlobalSection(SolutionConfigurationPlatforms) = preSolution
		Debug|Any CPU = Debug|Any CPU
		Release|Any CPU = Release|Any CPU
	EndGlobalSection
	GlobalSection(ProjectConfigurationPlatforms) = postSolution
		{A70668D2-505D-417B-B9FA-2E4CB501D7A3}.Debug|Any CPU.ActiveCfg = Debug|Any CPU
		{A70668D2-505D-417B-B9FA-2E4CB501D7A3}.Debug|Any CPU.Build.0 = Debug|Any CPU
		{A70668D2-505D-417B-B9FA-2E4CB501D7A3}.Release|Any CPU.ActiveCfg = Release|Any CPU
		{A70668D2-505D-417B-B9FA-2E4CB501D7A3}.Release|Any CPU.Build.0 = Release|Any CPU
		{0CFD8F09-4EBB-4DD7-A029-57DF3ADB638E}.Debug|Any CPU.ActiveCfg = Debug|Any CPU
		{0CFD8F09-4EBB-4DD7-A029-57DF3ADB638E}.Debug|Any CPU.Build.0 = Debug|Any CPU
		{0CFD8F09-4EBB-4DD7-A029-57DF3ADB638E}.Release|Any CPU.ActiveCfg = Release|Any CPU
		{0CFD8F09-4EBB-4DD7-A029-57DF3ADB638E}.Release|Any CPU.Build.0 = Release|Any CPU
		{754966B0-7EDC-4267-833B-AE0E8FF30013}.Debug|Any CPU.ActiveCfg = Debug|Any CPU
		{754966B0-7EDC-4267-833B-AE0E8FF30013}.Debug|Any CPU.Build.0 = Debug|Any CPU
		{754966B0-7EDC-4267-833B-AE0E8FF30013}.Release|Any CPU.ActiveCfg = Release|Any CPU
		{754966B0-7EDC-4267-833B-AE0E8FF30013}.Release|Any CPU.Build.0 = Release|Any CPU
		{08FF9061-481B-4617-8E68-597FCE34725C}.Debug|Any CPU.ActiveCfg = Debug|Any CPU
		{08FF9061-481B-4617-8E68-597FCE34725C}.Debug|Any CPU.Build.0 = Debug|Any CPU
		{08FF9061-481B-4617-8E68-597FCE34725C}.Release|Any CPU.ActiveCfg = Release|Any CPU
		{08FF9061-481B-4617-8E68-597FCE34725C}.Release|Any CPU.Build.0 = Release|Any CPU
	EndGlobalSection
	GlobalSection(SolutionProperties) = preSolution
		HideSolutionNode = FALSE
	EndGlobalSection
EndGlobal
