
Microsoft Visual Studio Solution File, Format Version 12.00
# Visual Studio 15
VisualStudioVersion = 15.0.28307.438
MinimumVisualStudioVersion = 10.0.40219.1
Project("{FAE04EC0-301F-11D3-BF4B-00C04F79EFBC}") = "0212", "0212\0212.csproj", "{4A9D165C-8A62-4C9D-B4B3-C97F24D3BADF}"
EndProject
Project("{FAE04EC0-301F-11D3-BF4B-00C04F79EFBC}") = "CompProgLib", "..\..\..\CompProgLib\CompProgLib.csproj", "{5CCE2BE3-F7AD-44EE-9E69-68B246AF990D}"
EndProject
Global
	GlobalSection(SolutionConfigurationPlatforms) = preSolution
		Debug|Any CPU = Debug|Any CPU
		Release|Any CPU = Release|Any CPU
	EndGlobalSection
	GlobalSection(ProjectConfigurationPlatforms) = postSolution
		{4A9D165C-8A62-4C9D-B4B3-C97F24D3BADF}.Debug|Any CPU.ActiveCfg = Debug|Any CPU
		{4A9D165C-8A62-4C9D-B4B3-C97F24D3BADF}.Debug|Any CPU.Build.0 = Debug|Any CPU
		{4A9D165C-8A62-4C9D-B4B3-C97F24D3BADF}.Release|Any CPU.ActiveCfg = Release|Any CPU
		{4A9D165C-8A62-4C9D-B4B3-C97F24D3BADF}.Release|Any CPU.Build.0 = Release|Any CPU
		{5CCE2BE3-F7AD-44EE-9E69-68B246AF990D}.Debug|Any CPU.ActiveCfg = Debug|Any CPU
		{5CCE2BE3-F7AD-44EE-9E69-68B246AF990D}.Debug|Any CPU.Build.0 = Debug|Any CPU
		{5CCE2BE3-F7AD-44EE-9E69-68B246AF990D}.Release|Any CPU.ActiveCfg = Release|Any CPU
		{5CCE2BE3-F7AD-44EE-9E69-68B246AF990D}.Release|Any CPU.Build.0 = Release|Any CPU
	EndGlobalSection
	GlobalSection(SolutionProperties) = preSolution
		HideSolutionNode = FALSE
	EndGlobalSection
	GlobalSection(ExtensibilityGlobals) = postSolution
		SolutionGuid = {9F320140-3045-4043-A9D4-A00C28B68256}
	EndGlobalSection
EndGlobal
