
Microsoft Visual Studio Solution File, Format Version 12.00
# Visual Studio 15
VisualStudioVersion = 15.0.28307.438
MinimumVisualStudioVersion = 10.0.40219.1
Project("{FAE04EC0-301F-11D3-BF4B-00C04F79EFBC}") = "0272", "0272\0272.csproj", "{F886C19F-4BB4-4836-9E90-89EFAE943825}"
EndProject
Global
	GlobalSection(SolutionConfigurationPlatforms) = preSolution
		Debug|Any CPU = Debug|Any CPU
		Release|Any CPU = Release|Any CPU
	EndGlobalSection
	GlobalSection(ProjectConfigurationPlatforms) = postSolution
		{F886C19F-4BB4-4836-9E90-89EFAE943825}.Debug|Any CPU.ActiveCfg = Debug|Any CPU
		{F886C19F-4BB4-4836-9E90-89EFAE943825}.Debug|Any CPU.Build.0 = Debug|Any CPU
		{F886C19F-4BB4-4836-9E90-89EFAE943825}.Release|Any CPU.ActiveCfg = Release|Any CPU
		{F886C19F-4BB4-4836-9E90-89EFAE943825}.Release|Any CPU.Build.0 = Release|Any CPU
	EndGlobalSection
	GlobalSection(SolutionProperties) = preSolution
		HideSolutionNode = FALSE
	EndGlobalSection
	GlobalSection(ExtensibilityGlobals) = postSolution
		SolutionGuid = {9963475B-90B2-42A6-A4D8-B831436406A8}
	EndGlobalSection
EndGlobal
