
Microsoft Visual Studio Solution File, Format Version 12.00
# Visual Studio 15
VisualStudioVersion = 15.0.28307.438
MinimumVisualStudioVersion = 10.0.40219.1
Project("{FAE04EC0-301F-11D3-BF4B-00C04F79EFBC}") = "A", "A\A.csproj", "{8F899022-7B83-4D8A-B0EE-EB7CC9A76D27}"
EndProject
Project("{FAE04EC0-301F-11D3-BF4B-00C04F79EFBC}") = "B", "B\B.csproj", "{2708AA2A-7B0C-41B7-A472-D65A11C8D54E}"
EndProject
Project("{FAE04EC0-301F-11D3-BF4B-00C04F79EFBC}") = "C", "C\C.csproj", "{10BA4225-55FD-4576-BC99-0057EC7CB835}"
EndProject
Project("{FAE04EC0-301F-11D3-BF4B-00C04F79EFBC}") = "D", "D\D.csproj", "{8AEF96BE-069F-431A-ACBE-1D4FA1268D88}"
EndProject
Project("{FAE04EC0-301F-11D3-BF4B-00C04F79EFBC}") = "CompProgLib", "..\..\CompProgLib\CompProgLib.csproj", "{5CCE2BE3-F7AD-44EE-9E69-68B246AF990D}"
EndProject
Project("{FAE04EC0-301F-11D3-BF4B-00C04F79EFBC}") = "E", "E\E.csproj", "{1436454B-F8EB-4726-B3AD-64E1243BCF78}"
EndProject
Global
	GlobalSection(SolutionConfigurationPlatforms) = preSolution
		Debug|Any CPU = Debug|Any CPU
		Release|Any CPU = Release|Any CPU
	EndGlobalSection
	GlobalSection(ProjectConfigurationPlatforms) = postSolution
		{8F899022-7B83-4D8A-B0EE-EB7CC9A76D27}.Debug|Any CPU.ActiveCfg = Debug|Any CPU
		{8F899022-7B83-4D8A-B0EE-EB7CC9A76D27}.Debug|Any CPU.Build.0 = Debug|Any CPU
		{8F899022-7B83-4D8A-B0EE-EB7CC9A76D27}.Release|Any CPU.ActiveCfg = Release|Any CPU
		{8F899022-7B83-4D8A-B0EE-EB7CC9A76D27}.Release|Any CPU.Build.0 = Release|Any CPU
		{2708AA2A-7B0C-41B7-A472-D65A11C8D54E}.Debug|Any CPU.ActiveCfg = Debug|Any CPU
		{2708AA2A-7B0C-41B7-A472-D65A11C8D54E}.Debug|Any CPU.Build.0 = Debug|Any CPU
		{2708AA2A-7B0C-41B7-A472-D65A11C8D54E}.Release|Any CPU.ActiveCfg = Release|Any CPU
		{2708AA2A-7B0C-41B7-A472-D65A11C8D54E}.Release|Any CPU.Build.0 = Release|Any CPU
		{10BA4225-55FD-4576-BC99-0057EC7CB835}.Debug|Any CPU.ActiveCfg = Debug|Any CPU
		{10BA4225-55FD-4576-BC99-0057EC7CB835}.Debug|Any CPU.Build.0 = Debug|Any CPU
		{10BA4225-55FD-4576-BC99-0057EC7CB835}.Release|Any CPU.ActiveCfg = Release|Any CPU
		{10BA4225-55FD-4576-BC99-0057EC7CB835}.Release|Any CPU.Build.0 = Release|Any CPU
		{8AEF96BE-069F-431A-ACBE-1D4FA1268D88}.Debug|Any CPU.ActiveCfg = Debug|Any CPU
		{8AEF96BE-069F-431A-ACBE-1D4FA1268D88}.Debug|Any CPU.Build.0 = Debug|Any CPU
		{8AEF96BE-069F-431A-ACBE-1D4FA1268D88}.Release|Any CPU.ActiveCfg = Release|Any CPU
		{8AEF96BE-069F-431A-ACBE-1D4FA1268D88}.Release|Any CPU.Build.0 = Release|Any CPU
		{5CCE2BE3-F7AD-44EE-9E69-68B246AF990D}.Debug|Any CPU.ActiveCfg = Debug|Any CPU
		{5CCE2BE3-F7AD-44EE-9E69-68B246AF990D}.Debug|Any CPU.Build.0 = Debug|Any CPU
		{5CCE2BE3-F7AD-44EE-9E69-68B246AF990D}.Release|Any CPU.ActiveCfg = Release|Any CPU
		{5CCE2BE3-F7AD-44EE-9E69-68B246AF990D}.Release|Any CPU.Build.0 = Release|Any CPU
		{1436454B-F8EB-4726-B3AD-64E1243BCF78}.Debug|Any CPU.ActiveCfg = Debug|Any CPU
		{1436454B-F8EB-4726-B3AD-64E1243BCF78}.Debug|Any CPU.Build.0 = Debug|Any CPU
		{1436454B-F8EB-4726-B3AD-64E1243BCF78}.Release|Any CPU.ActiveCfg = Release|Any CPU
		{1436454B-F8EB-4726-B3AD-64E1243BCF78}.Release|Any CPU.Build.0 = Release|Any CPU
	EndGlobalSection
	GlobalSection(SolutionProperties) = preSolution
		HideSolutionNode = FALSE
	EndGlobalSection
	GlobalSection(ExtensibilityGlobals) = postSolution
		SolutionGuid = {29BF9EA4-149F-4A55-9E88-2CB9C15C5332}
	EndGlobalSection
EndGlobal
