
Microsoft Visual Studio Solution File, Format Version 12.00
# Visual Studio 15
VisualStudioVersion = 15.0.28307.438
MinimumVisualStudioVersion = 10.0.40219.1
Project("{FAE04EC0-301F-11D3-BF4B-00C04F79EFBC}") = "0358", "0358\0358.csproj", "{3C4CB496-FE89-42CF-B5BB-6B40BBAC7210}"
EndProject
Global
	GlobalSection(SolutionConfigurationPlatforms) = preSolution
		Debug|Any CPU = Debug|Any CPU
		Release|Any CPU = Release|Any CPU
	EndGlobalSection
	GlobalSection(ProjectConfigurationPlatforms) = postSolution
		{3C4CB496-FE89-42CF-B5BB-6B40BBAC7210}.Debug|Any CPU.ActiveCfg = Debug|Any CPU
		{3C4CB496-FE89-42CF-B5BB-6B40BBAC7210}.Debug|Any CPU.Build.0 = Debug|Any CPU
		{3C4CB496-FE89-42CF-B5BB-6B40BBAC7210}.Release|Any CPU.ActiveCfg = Release|Any CPU
		{3C4CB496-FE89-42CF-B5BB-6B40BBAC7210}.Release|Any CPU.Build.0 = Release|Any CPU
	EndGlobalSection
	GlobalSection(SolutionProperties) = preSolution
		HideSolutionNode = FALSE
	EndGlobalSection
	GlobalSection(ExtensibilityGlobals) = postSolution
		SolutionGuid = {76B91B8C-30E1-4ACE-BB82-942C4512B555}
	EndGlobalSection
EndGlobal
