
Microsoft Visual Studio Solution File, Format Version 12.00
# Visual Studio 14
VisualStudioVersion = 14.0.25420.1
MinimumVisualStudioVersion = 10.0.40219.1
Project("{FAE04EC0-301F-11D3-BF4B-00C04F79EFBC}") = "ITP2_8_A", "ITP2_8_A\ITP2_8_A.csproj", "{1F63A71B-4C88-4234-BD2B-5200C24C85DA}"
EndProject
Project("{FAE04EC0-301F-11D3-BF4B-00C04F79EFBC}") = "ITP2_8_B", "ITP2_8_B\ITP2_8_B.csproj", "{C4F67F3C-00C3-4BF4-A83B-7138480F791D}"
EndProject
Project("{FAE04EC0-301F-11D3-BF4B-00C04F79EFBC}") = "ITP2_8_C", "ITP2_8_C\ITP2_8_C.csproj", "{CB387F7F-4A46-4A87-8E92-6A978C68E205}"
EndProject
Project("{FAE04EC0-301F-11D3-BF4B-00C04F79EFBC}") = "ITP2_8_D", "ITP2_8_D\ITP2_8_D.csproj", "{EB3D73A8-A2D8-4427-A105-5D676705D10B}"
EndProject
Global
	GlobalSection(SolutionConfigurationPlatforms) = preSolution
		Debug|Any CPU = Debug|Any CPU
		Release|Any CPU = Release|Any CPU
	EndGlobalSection
	GlobalSection(ProjectConfigurationPlatforms) = postSolution
		{1F63A71B-4C88-4234-BD2B-5200C24C85DA}.Debug|Any CPU.ActiveCfg = Debug|Any CPU
		{1F63A71B-4C88-4234-BD2B-5200C24C85DA}.Debug|Any CPU.Build.0 = Debug|Any CPU
		{1F63A71B-4C88-4234-BD2B-5200C24C85DA}.Release|Any CPU.ActiveCfg = Release|Any CPU
		{1F63A71B-4C88-4234-BD2B-5200C24C85DA}.Release|Any CPU.Build.0 = Release|Any CPU
		{C4F67F3C-00C3-4BF4-A83B-7138480F791D}.Debug|Any CPU.ActiveCfg = Debug|Any CPU
		{C4F67F3C-00C3-4BF4-A83B-7138480F791D}.Debug|Any CPU.Build.0 = Debug|Any CPU
		{C4F67F3C-00C3-4BF4-A83B-7138480F791D}.Release|Any CPU.ActiveCfg = Release|Any CPU
		{C4F67F3C-00C3-4BF4-A83B-7138480F791D}.Release|Any CPU.Build.0 = Release|Any CPU
		{CB387F7F-4A46-4A87-8E92-6A978C68E205}.Debug|Any CPU.ActiveCfg = Debug|Any CPU
		{CB387F7F-4A46-4A87-8E92-6A978C68E205}.Debug|Any CPU.Build.0 = Debug|Any CPU
		{CB387F7F-4A46-4A87-8E92-6A978C68E205}.Release|Any CPU.ActiveCfg = Release|Any CPU
		{CB387F7F-4A46-4A87-8E92-6A978C68E205}.Release|Any CPU.Build.0 = Release|Any CPU
		{EB3D73A8-A2D8-4427-A105-5D676705D10B}.Debug|Any CPU.ActiveCfg = Debug|Any CPU
		{EB3D73A8-A2D8-4427-A105-5D676705D10B}.Debug|Any CPU.Build.0 = Debug|Any CPU
		{EB3D73A8-A2D8-4427-A105-5D676705D10B}.Release|Any CPU.ActiveCfg = Release|Any CPU
		{EB3D73A8-A2D8-4427-A105-5D676705D10B}.Release|Any CPU.Build.0 = Release|Any CPU
	EndGlobalSection
	GlobalSection(SolutionProperties) = preSolution
		HideSolutionNode = FALSE
	EndGlobalSection
EndGlobal
