
Microsoft Visual Studio Solution File, Format Version 12.00
# Visual Studio 15
VisualStudioVersion = 15.0.28307.438
MinimumVisualStudioVersion = 10.0.40219.1
Project("{FAE04EC0-301F-11D3-BF4B-00C04F79EFBC}") = "0288", "0288\0288.csproj", "{9575DFF7-8A96-4A87-9657-CFFD80E6E486}"
EndProject
Global
	GlobalSection(SolutionConfigurationPlatforms) = preSolution
		Debug|Any CPU = Debug|Any CPU
		Release|Any CPU = Release|Any CPU
	EndGlobalSection
	GlobalSection(ProjectConfigurationPlatforms) = postSolution
		{9575DFF7-8A96-4A87-9657-CFFD80E6E486}.Debug|Any CPU.ActiveCfg = Debug|Any CPU
		{9575DFF7-8A96-4A87-9657-CFFD80E6E486}.Debug|Any CPU.Build.0 = Debug|Any CPU
		{9575DFF7-8A96-4A87-9657-CFFD80E6E486}.Release|Any CPU.ActiveCfg = Release|Any CPU
		{9575DFF7-8A96-4A87-9657-CFFD80E6E486}.Release|Any CPU.Build.0 = Release|Any CPU
	EndGlobalSection
	GlobalSection(SolutionProperties) = preSolution
		HideSolutionNode = FALSE
	EndGlobalSection
	GlobalSection(ExtensibilityGlobals) = postSolution
		SolutionGuid = {E7E5D0E3-A962-43F5-8BD8-CE7070D3D970}
	EndGlobalSection
EndGlobal
