
Microsoft Visual Studio Solution File, Format Version 12.00
# Visual Studio 15
VisualStudioVersion = 15.0.28307.438
MinimumVisualStudioVersion = 10.0.40219.1
Project("{FAE04EC0-301F-11D3-BF4B-00C04F79EFBC}") = "0254", "0254\0254.csproj", "{D00E7ADD-468A-44F5-91CC-4EF1DBC5BF7C}"
EndProject
Project("{FAE04EC0-301F-11D3-BF4B-00C04F79EFBC}") = "CompProgLib", "..\..\..\CompProgLib\CompProgLib.csproj", "{5CCE2BE3-F7AD-44EE-9E69-68B246AF990D}"
EndProject
Global
	GlobalSection(SolutionConfigurationPlatforms) = preSolution
		Debug|Any CPU = Debug|Any CPU
		Release|Any CPU = Release|Any CPU
	EndGlobalSection
	GlobalSection(ProjectConfigurationPlatforms) = postSolution
		{D00E7ADD-468A-44F5-91CC-4EF1DBC5BF7C}.Debug|Any CPU.ActiveCfg = Debug|Any CPU
		{D00E7ADD-468A-44F5-91CC-4EF1DBC5BF7C}.Debug|Any CPU.Build.0 = Debug|Any CPU
		{D00E7ADD-468A-44F5-91CC-4EF1DBC5BF7C}.Release|Any CPU.ActiveCfg = Release|Any CPU
		{D00E7ADD-468A-44F5-91CC-4EF1DBC5BF7C}.Release|Any CPU.Build.0 = Release|Any CPU
		{5CCE2BE3-F7AD-44EE-9E69-68B246AF990D}.Debug|Any CPU.ActiveCfg = Debug|Any CPU
		{5CCE2BE3-F7AD-44EE-9E69-68B246AF990D}.Debug|Any CPU.Build.0 = Debug|Any CPU
		{5CCE2BE3-F7AD-44EE-9E69-68B246AF990D}.Release|Any CPU.ActiveCfg = Release|Any CPU
		{5CCE2BE3-F7AD-44EE-9E69-68B246AF990D}.Release|Any CPU.Build.0 = Release|Any CPU
	EndGlobalSection
	GlobalSection(SolutionProperties) = preSolution
		HideSolutionNode = FALSE
	EndGlobalSection
	GlobalSection(ExtensibilityGlobals) = postSolution
		SolutionGuid = {B1545EBC-C4D6-4EDF-A0FB-02A674DB2D4B}
	EndGlobalSection
EndGlobal
