
Microsoft Visual Studio Solution File, Format Version 12.00
# Visual Studio 15
VisualStudioVersion = 15.0.28307.438
MinimumVisualStudioVersion = 10.0.40219.1
Project("{FAE04EC0-301F-11D3-BF4B-00C04F79EFBC}") = "A", "A\A.csproj", "{11B3414C-AAE6-4B6C-98DC-1EFB6B9F4696}"
EndProject
Project("{FAE04EC0-301F-11D3-BF4B-00C04F79EFBC}") = "B", "B\B.csproj", "{9BCC48A1-2FC5-458C-9FFA-0322E0F54451}"
EndProject
Project("{FAE04EC0-301F-11D3-BF4B-00C04F79EFBC}") = "C", "C\C.csproj", "{78508306-AEEB-4C91-A7AA-B8235ADBDCF0}"
EndProject
Project("{FAE04EC0-301F-11D3-BF4B-00C04F79EFBC}") = "D", "D\D.csproj", "{2BF0576B-35CF-40E3-AE70-27006BBDCDA9}"
EndProject
Project("{FAE04EC0-301F-11D3-BF4B-00C04F79EFBC}") = "CompProgLib", "..\..\CompProgLib\CompProgLib.csproj", "{5CCE2BE3-F7AD-44EE-9E69-68B246AF990D}"
EndProject
Global
	GlobalSection(SolutionConfigurationPlatforms) = preSolution
		Debug|Any CPU = Debug|Any CPU
		Release|Any CPU = Release|Any CPU
	EndGlobalSection
	GlobalSection(ProjectConfigurationPlatforms) = postSolution
		{11B3414C-AAE6-4B6C-98DC-1EFB6B9F4696}.Debug|Any CPU.ActiveCfg = Debug|Any CPU
		{11B3414C-AAE6-4B6C-98DC-1EFB6B9F4696}.Debug|Any CPU.Build.0 = Debug|Any CPU
		{11B3414C-AAE6-4B6C-98DC-1EFB6B9F4696}.Release|Any CPU.ActiveCfg = Release|Any CPU
		{11B3414C-AAE6-4B6C-98DC-1EFB6B9F4696}.Release|Any CPU.Build.0 = Release|Any CPU
		{9BCC48A1-2FC5-458C-9FFA-0322E0F54451}.Debug|Any CPU.ActiveCfg = Debug|Any CPU
		{9BCC48A1-2FC5-458C-9FFA-0322E0F54451}.Debug|Any CPU.Build.0 = Debug|Any CPU
		{9BCC48A1-2FC5-458C-9FFA-0322E0F54451}.Release|Any CPU.ActiveCfg = Release|Any CPU
		{9BCC48A1-2FC5-458C-9FFA-0322E0F54451}.Release|Any CPU.Build.0 = Release|Any CPU
		{78508306-AEEB-4C91-A7AA-B8235ADBDCF0}.Debug|Any CPU.ActiveCfg = Debug|Any CPU
		{78508306-AEEB-4C91-A7AA-B8235ADBDCF0}.Debug|Any CPU.Build.0 = Debug|Any CPU
		{78508306-AEEB-4C91-A7AA-B8235ADBDCF0}.Release|Any CPU.ActiveCfg = Release|Any CPU
		{78508306-AEEB-4C91-A7AA-B8235ADBDCF0}.Release|Any CPU.Build.0 = Release|Any CPU
		{2BF0576B-35CF-40E3-AE70-27006BBDCDA9}.Debug|Any CPU.ActiveCfg = Debug|Any CPU
		{2BF0576B-35CF-40E3-AE70-27006BBDCDA9}.Debug|Any CPU.Build.0 = Debug|Any CPU
		{2BF0576B-35CF-40E3-AE70-27006BBDCDA9}.Release|Any CPU.ActiveCfg = Release|Any CPU
		{2BF0576B-35CF-40E3-AE70-27006BBDCDA9}.Release|Any CPU.Build.0 = Release|Any CPU
		{5CCE2BE3-F7AD-44EE-9E69-68B246AF990D}.Debug|Any CPU.ActiveCfg = Debug|Any CPU
		{5CCE2BE3-F7AD-44EE-9E69-68B246AF990D}.Debug|Any CPU.Build.0 = Debug|Any CPU
		{5CCE2BE3-F7AD-44EE-9E69-68B246AF990D}.Release|Any CPU.ActiveCfg = Release|Any CPU
		{5CCE2BE3-F7AD-44EE-9E69-68B246AF990D}.Release|Any CPU.Build.0 = Release|Any CPU
	EndGlobalSection
	GlobalSection(SolutionProperties) = preSolution
		HideSolutionNode = FALSE
	EndGlobalSection
	GlobalSection(ExtensibilityGlobals) = postSolution
		SolutionGuid = {4CAC98CD-0482-4A2C-9506-F072FC14D642}
	EndGlobalSection
EndGlobal
