
Microsoft Visual Studio Solution File, Format Version 12.00
# Visual Studio 15
VisualStudioVersion = 15.0.28307.438
MinimumVisualStudioVersion = 10.0.40219.1
Project("{FAE04EC0-301F-11D3-BF4B-00C04F79EFBC}") = "0243", "0243\0243.csproj", "{44C7934E-DA1E-46F3-A406-C6825599EBE2}"
EndProject
Global
	GlobalSection(SolutionConfigurationPlatforms) = preSolution
		Debug|Any CPU = Debug|Any CPU
		Release|Any CPU = Release|Any CPU
	EndGlobalSection
	GlobalSection(ProjectConfigurationPlatforms) = postSolution
		{44C7934E-DA1E-46F3-A406-C6825599EBE2}.Debug|Any CPU.ActiveCfg = Debug|Any CPU
		{44C7934E-DA1E-46F3-A406-C6825599EBE2}.Debug|Any CPU.Build.0 = Debug|Any CPU
		{44C7934E-DA1E-46F3-A406-C6825599EBE2}.Release|Any CPU.ActiveCfg = Release|Any CPU
		{44C7934E-DA1E-46F3-A406-C6825599EBE2}.Release|Any CPU.Build.0 = Release|Any CPU
	EndGlobalSection
	GlobalSection(SolutionProperties) = preSolution
		HideSolutionNode = FALSE
	EndGlobalSection
	GlobalSection(ExtensibilityGlobals) = postSolution
		SolutionGuid = {7733776B-DE81-42E0-B4D8-23C3B129F1D0}
	EndGlobalSection
EndGlobal
