
Microsoft Visual Studio Solution File, Format Version 12.00
# Visual Studio 14
VisualStudioVersion = 14.0.25420.1
MinimumVisualStudioVersion = 10.0.40219.1
Project("{FAE04EC0-301F-11D3-BF4B-00C04F79EFBC}") = "ABC112B - Time Limit Exceeded", "ABC112B - Time Limit Exceeded\ABC112B - Time Limit Exceeded.csproj", "{FA7F00A4-430F-4CEB-A65C-8C2842BB3C2D}"
EndProject
Project("{FAE04EC0-301F-11D3-BF4B-00C04F79EFBC}") = "ABC112C - Pyramid", "ABC112C - Pyramid\ABC112C - Pyramid.csproj", "{1183288E-EAA4-4D8C-9B92-D608A9FED2B7}"
EndProject
Project("{FAE04EC0-301F-11D3-BF4B-00C04F79EFBC}") = "ABC112D - Partition", "ABC112D - Partition\ABC112D - Partition.csproj", "{E3A8C48F-C4DC-4A76-9745-9D16B8A25FB2}"
EndProject
Global
	GlobalSection(SolutionConfigurationPlatforms) = preSolution
		Debug|Any CPU = Debug|Any CPU
		Release|Any CPU = Release|Any CPU
	EndGlobalSection
	GlobalSection(ProjectConfigurationPlatforms) = postSolution
		{FA7F00A4-430F-4CEB-A65C-8C2842BB3C2D}.Debug|Any CPU.ActiveCfg = Debug|Any CPU
		{FA7F00A4-430F-4CEB-A65C-8C2842BB3C2D}.Debug|Any CPU.Build.0 = Debug|Any CPU
		{FA7F00A4-430F-4CEB-A65C-8C2842BB3C2D}.Release|Any CPU.ActiveCfg = Release|Any CPU
		{FA7F00A4-430F-4CEB-A65C-8C2842BB3C2D}.Release|Any CPU.Build.0 = Release|Any CPU
		{1183288E-EAA4-4D8C-9B92-D608A9FED2B7}.Debug|Any CPU.ActiveCfg = Debug|Any CPU
		{1183288E-EAA4-4D8C-9B92-D608A9FED2B7}.Debug|Any CPU.Build.0 = Debug|Any CPU
		{1183288E-EAA4-4D8C-9B92-D608A9FED2B7}.Release|Any CPU.ActiveCfg = Release|Any CPU
		{1183288E-EAA4-4D8C-9B92-D608A9FED2B7}.Release|Any CPU.Build.0 = Release|Any CPU
		{E3A8C48F-C4DC-4A76-9745-9D16B8A25FB2}.Debug|Any CPU.ActiveCfg = Debug|Any CPU
		{E3A8C48F-C4DC-4A76-9745-9D16B8A25FB2}.Debug|Any CPU.Build.0 = Debug|Any CPU
		{E3A8C48F-C4DC-4A76-9745-9D16B8A25FB2}.Release|Any CPU.ActiveCfg = Release|Any CPU
		{E3A8C48F-C4DC-4A76-9745-9D16B8A25FB2}.Release|Any CPU.Build.0 = Release|Any CPU
	EndGlobalSection
	GlobalSection(SolutionProperties) = preSolution
		HideSolutionNode = FALSE
	EndGlobalSection
EndGlobal
